PackratFormat: 1.4
PackratVersion: 0.4.8.1
RVersion: 3.4.3
Repos: BioCsoft=https://bioconductor.org/packages/3.6/bioc,
    BioCann=https://bioconductor.org/packages/3.6/data/annotation,
    BioCexp=https://bioconductor.org/packages/3.6/data/experiment,
    CRAN=https://cran.rstudio.com/

Package: BB
Source: CRAN
Version: 2014.10-1
Hash: 53f4325e3a8baac9fcc50151ab165c18
Requires: quadprog

Package: Rcgmin
Source: CRAN
Version: 2013-2.21
Hash: 62da0d1f2df0c8d7e4f325160e6a7110
Requires: numDeriv

Package: Rcpp
Source: CRAN
Version: 0.12.15
Hash: a419463fc86b3ecc7338ae3ac3bbb268

Package: Rvmmin
Source: CRAN
Version: 2017-7.18
Hash: a720678c3838d194fceb0750957b76a5
Requires: optextras

Package: dfoptim
Source: CRAN
Version: 2017.12-1
Hash: 2393844616246bbd5568a76b8cea8d46

Package: minqa
Source: CRAN
Version: 1.2.4
Hash: fd01d2650112a7d6aab3237bc1ce2fad
Requires: Rcpp

Package: numDeriv
Source: CRAN
Version: 2016.8-1
Hash: 3a9d0fc99ba2f6aaa500b3d584962be2

Package: optextras
Source: CRAN
Version: 2016-8.8
Hash: 244419fe184e8c45f4b4e353cc3fd40d
Requires: numDeriv

Package: optimx
Source: CRAN
Version: 2013.8.7
Hash: 33e226fd169b8a0e414413b418d3b751
Requires: BB, Rcgmin, Rvmmin, dfoptim, minqa, numDeriv, setRNG, svUnit,
    ucminf

Package: packrat
Source: CRAN
Version: 0.4.8-1
Hash: 6ad605ba7b4b476d84be6632393f5765

Package: quadprog
Source: CRAN
Version: 1.5-5
Hash: 69000b7dc41b09977dcf781f909d235c

Package: setRNG
Source: CRAN
Version: 2013.9-1
Hash: 76293d27228a150d7a794535b2b28819

Package: svUnit
Source: CRAN
Version: 0.7-12
Hash: e5e06c352508376672064e9178df1f20

Package: ucminf
Source: CRAN
Version: 1.1-4
Hash: 93143d845c6b1969cf0ea8fcac5c9119
